%{
  "castore": {:hex, :castore, "0.1.15", "dbb300827d5a3ec48f396ca0b77ad47058578927e9ebe792abd99fcbc3324326", [:mix], [], "hexpm", "c69379b907673c7e6eb229f09a0a09b60bb27cfb9625bcb82ea4c04ba82a8442"},
  "certifi": {:hex, :certifi, "2.9.0", "6f2a475689dd47f19fb74334859d460a2dc4e3252a3324bd2111b8f0429e7e21", [:rebar3], [], "hexpm", "266da46bdb06d6c6d35fde799bcb28d36d985d424ad7c08b5bb48f5b5cdd4641"},
  "chacha20": {:hex, :chacha20, "1.0.3", "26372176993172260968b36b4e7bc2e007e6b2b397ae08083e4836df67cdf03c", [:mix], [], "hexpm", "27f23b680e63f04b5bced77a9d8867033b381c091f92d544de0ad93accfb7cec"},
  "cowlib": {:hex, :remedy_cowlib, "2.11.1", "7abb4d0779a7d1c655f7642dc0bd0af754951e95005dfa01b500c68fe35a5961", [:rebar3], [], "hexpm", "0b613dc308e080cb6134285f1b1b55c3873e101652e70c70010fc6651c91b130"},
  "curve25519": {:hex, :curve25519, "1.0.4", "e570561b832c29b3ce4fd8b9fcd9c9546916188860568f1c1fc9428d7cb00894", [:mix], [], "hexpm", "1a068bf9646e7067bf6aa5bf802b404002734e09bb5300f098109df03e31f9f5"},
  "ed25519": {:hex, :ed25519, "1.4.1", "479fb83c3e31987c9cad780e6aeb8f2015fb5a482618cdf2a825c9aff809afc4", [:mix], [], "hexpm", "0dacb84f3faa3d8148e81019ca35f9d8dcee13232c32c9db5c2fb8ff48c80ec7"},
  "equivalex": {:hex, :equivalex, "1.0.3", "170d9a82ae066e0020dfe1cf7811381669565922eb3359f6c91d7e9a1124ff74", [:mix], [], "hexpm", "46fa311adb855117d36e461b9c0ad2598f72110ad17ad73d7533c78020e045fc"},
  "finch": {:hex, :finch, "0.10.2", "9ad27d68270d879f73f26604bb2e573d40f29bf0e907064a9a337f90a16a0312", [:mix], [{:castore, "~> 0.1", [hex: :castore, repo: "hexpm", optional: false]}, {:mint, "~> 1.3", [hex: :mint, repo: "hexpm", optional: false]}, {:nimble_options, "~> 0.4.0", [hex: :nimble_options, repo: "hexpm", optional: false]}, {:nimble_pool, "~> 0.2", [hex: :nimble_pool, repo: "hexpm", optional: false]}, {:telemetry, "~> 0.4 or ~> 1.0", [hex: :telemetry, repo: "hexpm", optional: false]}], "hexpm", "dd8b11b282072cec2ef30852283949c248bd5d2820c88d8acc89402b81db7550"},
  "gen_stage": {:hex, :gen_stage, "1.1.2", "b1656cd4ba431ed02c5656fe10cb5423820847113a07218da68eae5d6a260c23", [:mix], [], "hexpm", "9e39af23140f704e2b07a3e29d8f05fd21c2aaf4088ff43cb82be4b9e3148d02"},
  "gun": {:hex, :remedy_gun, "2.0.1", "0f0caed812ed9e4da4f144df2d5bf73b0a99481d395ecde990a3791decf321c6", [:rebar3], [{:cowlib, "~> 2.11.1", [hex: :remedy_cowlib, repo: "hexpm", optional: false]}], "hexpm", "b6685a85fbd12b757f86809be1b3d88fcef365b77605cd5aa34db003294c446e"},
  "hpax": {:hex, :hpax, "0.1.1", "2396c313683ada39e98c20a75a82911592b47e5c24391363343bde74f82396ca", [:mix], [], "hexpm", "0ae7d5a0b04a8a60caf7a39fcf3ec476f35cc2cc16c05abea730d3ce6ac6c826"},
  "jason": {:hex, :jason, "1.4.0", "e855647bc964a44e2f67df589ccf49105ae039d4179db7f6271dfd3843dc27e6", [:mix], [{:decimal, "~> 1.0 or ~> 2.0", [hex: :decimal, repo: "hexpm", optional: true]}], "hexpm", "79a3791085b2a0f743ca04cec0f7be26443738779d09302e01318f97bdb82121"},
  "kcl": {:hex, :kcl, "1.4.2", "8b73a55a14899dc172fcb05a13a754ac171c8165c14f65043382d567922f44ab", [:mix], [{:curve25519, ">= 1.0.4", [hex: :curve25519, repo: "hexpm", optional: false]}, {:ed25519, "~> 1.3", [hex: :ed25519, repo: "hexpm", optional: false]}, {:poly1305, "~> 1.0", [hex: :poly1305, repo: "hexpm", optional: false]}, {:salsa20, "~> 1.0", [hex: :salsa20, repo: "hexpm", optional: false]}], "hexpm", "9f083dd3844d902df6834b258564a82b21a15eb9f6acdc98e8df0c10feeabf05"},
  "mime": {:hex, :mime, "2.0.3", "3676436d3d1f7b81b5a2d2bd8405f412c677558c81b1c92be58c00562bb59095", [:mix], [], "hexpm", "27a30bf0db44d25eecba73755acf4068cbfe26a4372f9eb3e4ea3a45956bff6b"},
  "mint": {:hex, :mint, "1.4.1", "49b3b6ea35a9a38836d2ad745251b01ca9ec062f7cb66f546bf22e6699137126", [:mix], [{:castore, "~> 0.1.0", [hex: :castore, repo: "hexpm", optional: true]}, {:hpax, "~> 0.1.1", [hex: :hpax, repo: "hexpm", optional: false]}], "hexpm", "cd261766e61011a9079cccf8fa9d826e7a397c24fbedf0e11b49312bea629b58"},
  "nimble_options": {:hex, :nimble_options, "0.4.0", "c89babbab52221a24b8d1ff9e7d838be70f0d871be823165c94dd3418eea728f", [:mix], [], "hexpm", "e6701c1af326a11eea9634a3b1c62b475339ace9456c1a23ec3bc9a847bca02d"},
  "nimble_parsec": {:hex, :nimble_parsec, "1.2.3", "244836e6e3f1200c7f30cb56733fd808744eca61fd182f731eac4af635cc6d0b", [:mix], [], "hexpm", "c8d789e39b9131acf7b99291e93dae60ab48ef14a7ee9d58c6964f59efb570b0"},
  "nimble_pool": {:hex, :nimble_pool, "0.2.5", "de45c2117443696d3d33baf53d0cfd25b742f84f79acafa1b08b52ee3c6b84fc", [:mix], [], "hexpm", "9d44cb33dbdc1301dd62294b56d02c8d74f725a99f667e11c7cc51bde7aa7f2f"},
  "nostrum": {:hex, :nostrum, "0.6.1", "aaad13e8e8ce8ace1f218685c6824972e7ea4f979e5ba3242a98f22bda52e605", [:mix], [{:certifi, "~> 2.8", [hex: :certifi, repo: "hexpm", optional: false]}, {:gen_stage, "~> 0.11 or ~> 1.0", [hex: :gen_stage, repo: "hexpm", optional: false]}, {:gun, "== 2.0.1", [hex: :remedy_gun, repo: "hexpm", optional: false]}, {:jason, "~> 1.2", [hex: :jason, repo: "hexpm", optional: false]}, {:kcl, "~> 1.4", [hex: :kcl, repo: "hexpm", optional: false]}, {:mime, "~> 1.6 or ~> 2.0", [hex: :mime, repo: "hexpm", optional: false]}], "hexpm", "27925a47e413766664928fbeb38c9887a7fd23066cdba831d5fd8241072bf76a"},
  "poly1305": {:hex, :poly1305, "1.0.4", "7cdc8961a0a6e00a764835918cdb8ade868044026df8ef5d718708ea6cc06611", [:mix], [{:chacha20, "~> 1.0", [hex: :chacha20, repo: "hexpm", optional: false]}, {:equivalex, "~> 1.0", [hex: :equivalex, repo: "hexpm", optional: false]}], "hexpm", "e14e684661a5195e149b3139db4a1693579d4659d65bba115a307529c47dbc3b"},
  "porcelain": {:hex, :porcelain, "2.0.3", "2d77b17d1f21fed875b8c5ecba72a01533db2013bd2e5e62c6d286c029150fdc", [:mix], [], "hexpm", "dc996ab8fadbc09912c787c7ab8673065e50ea1a6245177b0c24569013d23620"},
  "req": {:hex, :req, "0.3.0", "45944bfa0ea21294ad269e2025b9983dd084cc89125c4fc0a8de8a4e7869486b", [:mix], [{:brotli, "~> 0.3.1", [hex: :brotli, repo: "hexpm", optional: true]}, {:ezstd, "~> 1.0", [hex: :ezstd, repo: "hexpm", optional: true]}, {:finch, "~> 0.9", [hex: :finch, repo: "hexpm", optional: false]}, {:jason, "~> 1.0", [hex: :jason, repo: "hexpm", optional: false]}, {:mime, "~> 1.6 or ~> 2.0", [hex: :mime, repo: "hexpm", optional: false]}, {:nimble_csv, "~> 1.0", [hex: :nimble_csv, repo: "hexpm", optional: true]}, {:plug, "~> 1.0", [hex: :plug, repo: "hexpm", optional: true]}], "hexpm", "1212a3e047eede0fa7eeb84c30d08206d44bb120df98b6f6b9a9e04910954a71"},
  "salsa20": {:hex, :salsa20, "1.0.3", "fb900fc9b26b713a98618f3c6d6b6c35a5514477c6047caca8d03f3a70175ab0", [:mix], [], "hexpm", "91cbfa537f369d074a79f926f36a6c2ac24fba12cbadcb23aa04a759282887fe"},
  "telemetry": {:hex, :telemetry, "1.0.0", "0f453a102cdf13d506b7c0ab158324c337c41f1cc7548f0bc0e130bbf0ae9452", [:rebar3], [], "hexpm", "73bc09fa59b4a0284efb4624335583c528e07ec9ae76aca96ea0673850aec57a"},
}
